// !$*UTF8*$!
{
	archiveVersion = 1;
	classes = {
	};
	objectVersion = 46;
	objects = {

/* Begin PBXBuildFile section */
		9595B8291E51427800D1245B /* Boids.cpp in Sources */ = {isa = PBXBuildFile; fileRef = 9595B8281E51427800D1245B /* Boids.cpp */; };
		9595B8461E51430500D1245B /* imgui_impl_glut.cpp in Sources */ = {isa = PBXBuildFile; fileRef = 9595B82F1E51430500D1245B /* imgui_impl_glut.cpp */; };
		9595B8471E51430500D1245B /* imgui_demo.cpp in Sources */ = {isa = PBXBuildFile; fileRef = 9595B8311E51430500D1245B /* imgui_demo.cpp */; };
		9595B8481E51430500D1245B /* imgui.cpp in Sources */ = {isa = PBXBuildFile; fileRef = 9595B8321E51430500D1245B /* imgui.cpp */; };
		9595B8491E51430500D1245B /* imgui_draw.cpp in Sources */ = {isa = PBXBuildFile; fileRef = 9595B8331E51430500D1245B /* imgui_draw.cpp */; };
		9595B84A1E51430500D1245B /* quat.c in Sources */ = {isa = PBXBuildFile; fileRef = 9595B8341E51430500D1245B /* quat.c */; };
		9595B84B1E51430500D1245B /* shadow.c in Sources */ = {isa = PBXBuildFile; fileRef = 9595B8351E51430500D1245B /* shadow.c */; };
		9595B84C1E51430500D1245B /* vector.c in Sources */ = {isa = PBXBuildFile; fileRef = 9595B8361E51430500D1245B /* vector.c */; };
		9595B84D1E51430500D1245B /* viewport.c in Sources */ = {isa = PBXBuildFile; fileRef = 9595B8371E51430500D1245B /* viewport.c */; };
		9595B84E1E51430500D1245B /* atmosphere.c in Sources */ = {isa = PBXBuildFile; fileRef = 9595B8381E51430500D1245B /* atmosphere.c */; };
		9595B84F1E51430500D1245B /* background.c in Sources */ = {isa = PBXBuildFile; fileRef = 9595B8391E51430500D1245B /* background.c */; };
		9595B8501E51430500D1245B /* camera.c in Sources */ = {isa = PBXBuildFile; fileRef = 9595B83A1E51430500D1245B /* camera.c */; };
		9595B8511E51430500D1245B /* chunk.c in Sources */ = {isa = PBXBuildFile; fileRef = 9595B83B1E51430500D1245B /* chunk.c */; };
		9595B8521E51430500D1245B /* file.c in Sources */ = {isa = PBXBuildFile; fileRef = 9595B83C1E51430500D1245B /* file.c */; };
		9595B8531E51430500D1245B /* io.c in Sources */ = {isa = PBXBuildFile; fileRef = 9595B83D1E51430500D1245B /* io.c */; };
		9595B8541E51430500D1245B /* light.c in Sources */ = {isa = PBXBuildFile; fileRef = 9595B83E1E51430500D1245B /* light.c */; };
		9595B8551E51430500D1245B /* material.c in Sources */ = {isa = PBXBuildFile; fileRef = 9595B83F1E51430500D1245B /* material.c */; };
		9595B8561E51430500D1245B /* matrix.c in Sources */ = {isa = PBXBuildFile; fileRef = 9595B8401E51430500D1245B /* matrix.c */; };
		9595B8571E51430500D1245B /* mesh.c in Sources */ = {isa = PBXBuildFile; fileRef = 9595B8411E51430500D1245B /* mesh.c */; };
		9595B8581E51430500D1245B /* node.c in Sources */ = {isa = PBXBuildFile; fileRef = 9595B8421E51430500D1245B /* node.c */; };
		9595B8591E51430500D1245B /* ease.c in Sources */ = {isa = PBXBuildFile; fileRef = 9595B8431E51430500D1245B /* ease.c */; };
		9595B85A1E51430500D1245B /* tcb.c in Sources */ = {isa = PBXBuildFile; fileRef = 9595B8441E51430500D1245B /* tcb.c */; };
		9595B85B1E51430500D1245B /* tracks.c in Sources */ = {isa = PBXBuildFile; fileRef = 9595B8451E51430500D1245B /* tracks.c */; };
		9595B8601E51434E00D1245B /* OpenGL.framework in Frameworks */ = {isa = PBXBuildFile; fileRef = 9595B85F1E51434E00D1245B /* OpenGL.framework */; };
		9595B8621E51435C00D1245B /* GLUT.framework in Frameworks */ = {isa = PBXBuildFile; fileRef = 9595B8611E51435C00D1245B /* GLUT.framework */; };
/* End PBXBuildFile section */

/* Begin PBXCopyFilesBuildPhase section */
		9595B8231E51427800D1245B /* CopyFiles */ = {
			isa = PBXCopyFilesBuildPhase;
			buildActionMask = 2147483647;
			dstPath = /usr/share/man/man1/;
			dstSubfolderSpec = 0;
			files = (
			);
			runOnlyForDeploymentPostprocessing = 1;
		};
/* End PBXCopyFilesBuildPhase section */

/* Begin PBXFileReference section */
		9595B8251E51427800D1245B /* Boids */ = {isa = PBXFileReference; explicitFileType = "compiled.mach-o.executable"; includeInIndex = 0; path = Boids; sourceTree = BUILT_PRODUCTS_DIR; };
		9595B8281E51427800D1245B /* Boids.cpp */ = {isa = PBXFileReference; lastKnownFileType = sourcecode.cpp.cpp; path = Boids.cpp; sourceTree = "<group>"; };
		9595B82F1E51430500D1245B /* imgui_impl_glut.cpp */ = {isa = PBXFileReference; fileEncoding = 4; lastKnownFileType = sourcecode.cpp.cpp; path = imgui_impl_glut.cpp; sourceTree = "<group>"; };
		9595B8301E51430500D1245B /* imgui_impl_glut.h */ = {isa = PBXFileReference; fileEncoding = 4; lastKnownFileType = sourcecode.c.h; path = imgui_impl_glut.h; sourceTree = "<group>"; };
		9595B8311E51430500D1245B /* imgui_demo.cpp */ = {isa = PBXFileReference; fileEncoding = 4; lastKnownFileType = sourcecode.cpp.cpp; path = imgui_demo.cpp; sourceTree = "<group>"; };
		9595B8321E51430500D1245B /* imgui.cpp */ = {isa = PBXFileReference; fileEncoding = 4; lastKnownFileType = sourcecode.cpp.cpp; path = imgui.cpp; sourceTree = "<group>"; };
		9595B8331E51430500D1245B /* imgui_draw.cpp */ = {isa = PBXFileReference; fileEncoding = 4; lastKnownFileType = sourcecode.cpp.cpp; path = imgui_draw.cpp; sourceTree = "<group>"; };
		9595B8341E51430500D1245B /* quat.c */ = {isa = PBXFileReference; fileEncoding = 4; lastKnownFileType = sourcecode.c.c; path = quat.c; sourceTree = "<group>"; };
		9595B8351E51430500D1245B /* shadow.c */ = {isa = PBXFileReference; fileEncoding = 4; lastKnownFileType = sourcecode.c.c; path = shadow.c; sourceTree = "<group>"; };
		9595B8361E51430500D1245B /* vector.c */ = {isa = PBXFileReference; fileEncoding = 4; lastKnownFileType = sourcecode.c.c; path = vector.c; sourceTree = "<group>"; };
		9595B8371E51430500D1245B /* viewport.c */ = {isa = PBXFileReference; fileEncoding = 4; lastKnownFileType = sourcecode.c.c; path = viewport.c; sourceTree = "<group>"; };
		9595B8381E51430500D1245B /* atmosphere.c */ = {isa = PBXFileReference; fileEncoding = 4; lastKnownFileType = sourcecode.c.c; path = atmosphere.c; sourceTree = "<group>"; };
		9595B8391E51430500D1245B /* background.c */ = {isa = PBXFileReference; fileEncoding = 4; lastKnownFileType = sourcecode.c.c; path = background.c; sourceTree = "<group>"; };
		9595B83A1E51430500D1245B /* camera.c */ = {isa = PBXFileReference; fileEncoding = 4; lastKnownFileType = sourcecode.c.c; path = camera.c; sourceTree = "<group>"; };
		9595B83B1E51430500D1245B /* chunk.c */ = {isa = PBXFileReference; fileEncoding = 4; lastKnownFileType = sourcecode.c.c; path = chunk.c; sourceTree = "<group>"; };
		9595B83C1E51430500D1245B /* file.c */ = {isa = PBXFileReference; fileEncoding = 4; lastKnownFileType = sourcecode.c.c; path = file.c; sourceTree = "<group>"; };
		9595B83D1E51430500D1245B /* io.c */ = {isa = PBXFileReference; fileEncoding = 4; lastKnownFileType = sourcecode.c.c; path = io.c; sourceTree = "<group>"; };
		9595B83E1E51430500D1245B /* light.c */ = {isa = PBXFileReference; fileEncoding = 4; lastKnownFileType = sourcecode.c.c; path = light.c; sourceTree = "<group>"; };
		9595B83F1E51430500D1245B /* material.c */ = {isa = PBXFileReference; fileEncoding = 4; lastKnownFileType = sourcecode.c.c; path = material.c; sourceTree = "<group>"; };
		9595B8401E51430500D1245B /* matrix.c */ = {isa = PBXFileReference; fileEncoding = 4; lastKnownFileType = sourcecode.c.c; path = matrix.c; sourceTree = "<group>"; };
		9595B8411E51430500D1245B /* mesh.c */ = {isa = PBXFileReference; fileEncoding = 4; lastKnownFileType = sourcecode.c.c; path = mesh.c; sourceTree = "<group>"; };
		9595B8421E51430500D1245B /* node.c */ = {isa = PBXFileReference; fileEncoding = 4; lastKnownFileType = sourcecode.c.c; path = node.c; sourceTree = "<group>"; };
		9595B8431E51430500D1245B /* ease.c */ = {isa = PBXFileReference; fileEncoding = 4; lastKnownFileType = sourcecode.c.c; path = ease.c; sourceTree = "<group>"; };
		9595B8441E51430500D1245B /* tcb.c */ = {isa = PBXFileReference; fileEncoding = 4; lastKnownFileType = sourcecode.c.c; path = tcb.c; sourceTree = "<group>"; };
		9595B8451E51430500D1245B /* tracks.c */ = {isa = PBXFileReference; fileEncoding = 4; lastKnownFileType = sourcecode.c.c; path = tracks.c; sourceTree = "<group>"; };
		9595B85C1E51432D00D1245B /* include */ = {isa = PBXFileReference; lastKnownFileType = folder; path = include; sourceTree = SOURCE_ROOT; };
		9595B85D1E51433B00D1245B /* lib */ = {isa = PBXFileReference; lastKnownFileType = folder; path = lib; sourceTree = SOURCE_ROOT; };
		9595B85F1E51434E00D1245B /* OpenGL.framework */ = {isa = PBXFileReference; lastKnownFileType = wrapper.framework; name = OpenGL.framework; path = System/Library/Frameworks/OpenGL.framework; sourceTree = SDKROOT; };
		9595B8611E51435C00D1245B /* GLUT.framework */ = {isa = PBXFileReference; lastKnownFileType = wrapper.framework; name = GLUT.framework; path = System/Library/Frameworks/GLUT.framework; sourceTree = SDKROOT; };
/* End PBXFileReference section */

/* Begin PBXFrameworksBuildPhase section */
		9595B8221E51427800D1245B /* Frameworks */ = {
			isa = PBXFrameworksBuildPhase;
			buildActionMask = 2147483647;
			files = (
				9595B8621E51435C00D1245B /* GLUT.framework in Frameworks */,
				9595B8601E51434E00D1245B /* OpenGL.framework in Frameworks */,
			);
			runOnlyForDeploymentPostprocessing = 0;
		};
/* End PBXFrameworksBuildPhase section */

/* Begin PBXGroup section */
		9595B81C1E51427800D1245B = {
			isa = PBXGroup;
			children = (
				9595B8271E51427800D1245B /* Boids */,
				9595B8261E51427800D1245B /* Products */,
				9595B85E1E51434E00D1245B /* Frameworks */,
			);
			sourceTree = "<group>";
		};
		9595B8261E51427800D1245B /* Products */ = {
			isa = PBXGroup;
			children = (
				9595B8251E51427800D1245B /* Boids */,
			);
			name = Products;
			sourceTree = "<group>";
		};
		9595B8271E51427800D1245B /* Boids */ = {
			isa = PBXGroup;
			children = (
				9595B85D1E51433B00D1245B /* lib */,
				9595B85C1E51432D00D1245B /* include */,
				9595B82F1E51430500D1245B /* imgui_impl_glut.cpp */,
				9595B8301E51430500D1245B /* imgui_impl_glut.h */,
				9595B8311E51430500D1245B /* imgui_demo.cpp */,
				9595B8321E51430500D1245B /* imgui.cpp */,
				9595B8331E51430500D1245B /* imgui_draw.cpp */,
				9595B8341E51430500D1245B /* quat.c */,
				9595B8351E51430500D1245B /* shadow.c */,
				9595B8361E51430500D1245B /* vector.c */,
				9595B8371E51430500D1245B /* viewport.c */,
				9595B8381E51430500D1245B /* atmosphere.c */,
				9595B8391E51430500D1245B /* background.c */,
				9595B83A1E51430500D1245B /* camera.c */,
				9595B83B1E51430500D1245B /* chunk.c */,
				9595B83C1E51430500D1245B /* file.c */,
				9595B83D1E51430500D1245B /* io.c */,
				9595B83E1E51430500D1245B /* light.c */,
				9595B83F1E51430500D1245B /* material.c */,
				9595B8401E51430500D1245B /* matrix.c */,
				9595B8411E51430500D1245B /* mesh.c */,
				9595B8421E51430500D1245B /* node.c */,
				9595B8431E51430500D1245B /* ease.c */,
				9595B8441E51430500D1245B /* tcb.c */,
				9595B8451E51430500D1245B /* tracks.c */,
				9595B8281E51427800D1245B /* Boids.cpp */,
			);
			path = Boids;
			sourceTree = "<group>";
		};
		9595B85E1E51434E00D1245B /* Frameworks */ = {
			isa = PBXGroup;
			children = (
				9595B8611E51435C00D1245B /* GLUT.framework */,
				9595B85F1E51434E00D1245B /* OpenGL.framework */,
			);
			name = Frameworks;
			sourceTree = "<group>";
		};
/* End PBXGroup section */

/* Begin PBXNativeTarget section */
		9595B8241E51427800D1245B /* Boids */ = {
			isa = PBXNativeTarget;
			buildConfigurationList = 9595B82C1E51427800D1245B /* Build configuration list for PBXNativeTarget "Boids" */;
			buildPhases = (
				9595B8211E51427800D1245B /* Sources */,
				9595B8221E51427800D1245B /* Frameworks */,
				9595B8231E51427800D1245B /* CopyFiles */,
			);
			buildRules = (
			);
			dependencies = (
			);
			name = Boids;
			productName = Boids;
			productReference = 9595B8251E51427800D1245B /* Boids */;
			productType = "com.apple.product-type.tool";
		};
/* End PBXNativeTarget section */

/* Begin PBXProject section */
		9595B81D1E51427800D1245B /* Project object */ = {
			isa = PBXProject;
			attributes = {
				LastUpgradeCheck = 0820;
				ORGANIZATIONNAME = "Jiaxuan Xie";
				TargetAttributes = {
					9595B8241E51427800D1245B = {
						CreatedOnToolsVersion = 8.2.1;
						DevelopmentTeam = CES59UGD9X;
						ProvisioningStyle = Automatic;
					};
				};
			};
			buildConfigurationList = 9595B8201E51427800D1245B /* Build configuration list for PBXProject "Boids" */;
			compatibilityVersion = "Xcode 3.2";
			developmentRegion = English;
			hasScannedForEncodings = 0;
			knownRegions = (
				en,
			);
			mainGroup = 9595B81C1E51427800D1245B;
			productRefGroup = 9595B8261E51427800D1245B /* Products */;
			projectDirPath = "";
			projectRoot = "";
			targets = (
				9595B8241E51427800D1245B /* Boids */,
			);
		};
/* End PBXProject section */

/* Begin PBXSourcesBuildPhase section */
		9595B8211E51427800D1245B /* Sources */ = {
			isa = PBXSourcesBuildPhase;
			buildActionMask = 2147483647;
			files = (
				9595B8541E51430500D1245B /* light.c in Sources */,
				9595B8291E51427800D1245B /* Boids.cpp in Sources */,
				9595B84E1E51430500D1245B /* atmosphere.c in Sources */,
				9595B8481E51430500D1245B /* imgui.cpp in Sources */,
				9595B8571E51430500D1245B /* mesh.c in Sources */,
				9595B8581E51430500D1245B /* node.c in Sources */,
				9595B8551E51430500D1245B /* material.c in Sources */,
				9595B84F1E51430500D1245B /* background.c in Sources */,
				9595B84B1E51430500D1245B /* shadow.c in Sources */,
				9595B84A1E51430500D1245B /* quat.c in Sources */,
				9595B84C1E51430500D1245B /* vector.c in Sources */,
				9595B85A1E51430500D1245B /* tcb.c in Sources */,
				9595B8511E51430500D1245B /* chunk.c in Sources */,
				9595B8461E51430500D1245B /* imgui_impl_glut.cpp in Sources */,
				9595B8591E51430500D1245B /* ease.c in Sources */,
				9595B8521E51430500D1245B /* file.c in Sources */,
				9595B8531E51430500D1245B /* io.c in Sources */,
				9595B8491E51430500D1245B /* imgui_draw.cpp in Sources */,
				9595B8561E51430500D1245B /* matrix.c in Sources */,
				9595B84D1E51430500D1245B /* viewport.c in Sources */,
				9595B8501E51430500D1245B /* camera.c in Sources */,
				9595B8471E51430500D1245B /* imgui_demo.cpp in Sources */,
				9595B85B1E51430500D1245B /* tracks.c in Sources */,
			);
			runOnlyForDeploymentPostprocessing = 0;
		};
/* End PBXSourcesBuildPhase section */

/* Begin XCBuildConfiguration section */
		9595B82A1E51427800D1245B /* Debug */ = {
			isa = XCBuildConfiguration;
			buildSettings = {
				ALWAYS_SEARCH_USER_PATHS = NO;
				CLANG_ANALYZER_NONNULL = YES;
				CLANG_CXX_LANGUAGE_STANDARD = "gnu++0x";
				CLANG_CXX_LIBRARY = "libc++";
				CLANG_ENABLE_MODULES = YES;
				CLANG_ENABLE_OBJC_ARC = YES;
				CLANG_WARN_BOOL_CONVERSION = YES;
				CLANG_WARN_CONSTANT_CONVERSION = YES;
				CLANG_WARN_DIRECT_OBJC_ISA_USAGE = YES_ERROR;
				CLANG_WARN_DOCUMENTATION_COMMENTS = YES;
				CLANG_WARN_EMPTY_BODY = YES;
				CLANG_WARN_ENUM_CONVERSION = YES;
				CLANG_WARN_INFINITE_RECURSION = YES;
				CLANG_WARN_INT_CONVERSION = YES;
				CLANG_WARN_OBJC_ROOT_CLASS = YES_ERROR;
				CLANG_WARN_SUSPICIOUS_MOVE = YES;
				CLANG_WARN_UNREACHABLE_CODE = YES;
				CLANG_WARN__DUPLICATE_METHOD_MATCH = YES;
				CODE_SIGN_IDENTITY = "-";
				COPY_PHASE_STRIP = NO;
				DEBUG_INFORMATION_FORMAT = dwarf;
				ENABLE_STRICT_OBJC_MSGSEND = YES;
				ENABLE_TESTABILITY = YES;
				GCC_C_LANGUAGE_STANDARD = gnu99;
				GCC_DYNAMIC_NO_PIC = NO;
				GCC_NO_COMMON_BLOCKS = YES;
				GCC_OPTIMIZATION_LEVEL = 0;
				GCC_PREPROCESSOR_DEFINITIONS = (
					"DEBUG=1",
					"$(inherited)",
				);
				GCC_WARN_64_TO_32_BIT_CONVERSION = YES;
				GCC_WARN_ABOUT_RETURN_TYPE = YES_ERROR;
				GCC_WARN_UNDECLARED_SELECTOR = YES;
				GCC_WARN_UNINITIALIZED_AUTOS = YES_AGGRESSIVE;
				GCC_WARN_UNUSED_FUNCTION = YES;
				GCC_WARN_UNUSED_VARIABLE = YES;
				MACOSX_DEPLOYMENT_TARGET = 10.12;
				MTL_ENABLE_DEBUG_INFO = YES;
				ONLY_ACTIVE_ARCH = YES;
				SDKROOT = macosx;
			};
			name = Debug;
		};
		9595B82B1E51427800D1245B /* Release */ = {
			isa = XCBuildConfiguration;
			buildSettings = {
				ALWAYS_SEARCH_USER_PATHS = NO;
				CLANG_ANALYZER_NONNULL = YES;
				CLANG_CXX_LANGUAGE_STANDARD = "gnu++0x";
				CLANG_CXX_LIBRARY = "libc++";
				CLANG_ENABLE_MODULES = YES;
				CLANG_ENABLE_OBJC_ARC = YES;
				CLANG_WARN_BOOL_CONVERSION = YES;
				CLANG_WARN_CONSTANT_CONVERSION = YES;
				CLANG_WARN_DIRECT_OBJC_ISA_USAGE = YES_ERROR;
				CLANG_WARN_DOCUMENTATION_COMMENTS = YES;
				CLANG_WARN_EMPTY_BODY = YES;
				CLANG_WARN_ENUM_CONVERSION = YES;
				CLANG_WARN_INFINITE_RECURSION = YES;
				CLANG_WARN_INT_CONVERSION = YES;
				CLANG_WARN_OBJC_ROOT_CLASS = YES_ERROR;
				CLANG_WARN_SUSPICIOUS_MOVE = YES;
				CLANG_WARN_UNREACHABLE_CODE = YES;
				CLANG_WARN__DUPLICATE_METHOD_MATCH = YES;
				CODE_SIGN_IDENTITY = "-";
				COPY_PHASE_STRIP = NO;
				DEBUG_INFORMATION_FORMAT = "dwarf-with-dsym";
				ENABLE_NS_ASSERTIONS = NO;
				ENABLE_STRICT_OBJC_MSGSEND = YES;
				GCC_C_LANGUAGE_STANDARD = gnu99;
				GCC_NO_COMMON_BLOCKS = YES;
				GCC_WARN_64_TO_32_BIT_CONVERSION = YES;
				GCC_WARN_ABOUT_RETURN_TYPE = YES_ERROR;
				GCC_WARN_UNDECLARED_SELECTOR = YES;
				GCC_WARN_UNINITIALIZED_AUTOS = YES_AGGRESSIVE;
				GCC_WARN_UNUSED_FUNCTION = YES;
				GCC_WARN_UNUSED_VARIABLE = YES;
				MACOSX_DEPLOYMENT_TARGET = 10.12;
				MTL_ENABLE_DEBUG_INFO = NO;
				SDKROOT = macosx;
			};
			name = Release;
		};
		9595B82D1E51427800D1245B /* Debug */ = {
			isa = XCBuildConfiguration;
			buildSettings = {
				DEVELOPMENT_TEAM = CES59UGD9X;
				HEADER_SEARCH_PATHS = "$(PROJECT_DIR)/include";
				LIBRARY_SEARCH_PATHS = "$(PROJECT_DIR)/lib";
				MACOSX_DEPLOYMENT_TARGET = 10.8;
				PRODUCT_NAME = "$(TARGET_NAME)";
			};
			name = Debug;
		};
		9595B82E1E51427800D1245B /* Release */ = {
			isa = XCBuildConfiguration;
			buildSettings = {
				DEVELOPMENT_TEAM = CES59UGD9X;
				HEADER_SEARCH_PATHS = "$(PROJECT_DIR)/include";
				LIBRARY_SEARCH_PATHS = "$(PROJECT_DIR)/lib";
				MACOSX_DEPLOYMENT_TARGET = 10.8;
				PRODUCT_NAME = "$(TARGET_NAME)";
			};
			name = Release;
		};
/* End XCBuildConfiguration section */

/* Begin XCConfigurationList section */
		9595B8201E51427800D1245B /* Build configuration list for PBXProject "Boids" */ = {
			isa = XCConfigurationList;
			buildConfigurations = (
				9595B82A1E51427800D1245B /* Debug */,
				9595B82B1E51427800D1245B /* Release */,
			);
			defaultConfigurationIsVisible = 0;
			defaultConfigurationName = Release;
		};
		9595B82C1E51427800D1245B /* Build configuration list for PBXNativeTarget "Boids" */ = {
			isa = XCConfigurationList;
			buildConfigurations = (
				9595B82D1E51427800D1245B /* Debug */,
				9595B82E1E51427800D1245B /* Release */,
			);
			defaultConfigurationIsVisible = 0;
		};
/* End XCConfigurationList section */
	};
	rootObject = 9595B81D1E51427800D1245B /* Project object */;
}
